
Microsoft Visual Studio Solution File, Format Version 12.00
# Visual Studio 15
VisualStudioVersion = 15.0.26730.12
MinimumVisualStudioVersion = 10.0.40219.1
Project("{9A19103F-16F7-4668-BE54-9A1E7A4F7556}") = "AuthServerConsole", "AuthServerConsole\AuthServerConsole.csproj", "{F39C2851-DD04-45B9-9AAD-DE0666F4690A}"
EndProject
Project("{9A19103F-16F7-4668-BE54-9A1E7A4F7556}") = "AuthServerWebApi", "AuthServerWebApi\AuthServerWebApi.csproj", "{78EA51B1-B6B8-4589-BBAF-D100D33E93BA}"
EndProject
Project("{FAE04EC0-301F-11D3-BF4B-00C04F79EFBC}") = "AuthServerMVcClient", "AuthServerMVcClient\AuthServerMVcClient.csproj", "{B0CBA1F4-C4FD-4317-AFA2-1829E45B32A8}"
EndProject
Global
	GlobalSection(SolutionConfigurationPlatforms) = preSolution
		Debug|Any CPU = Debug|Any CPU
		Release|Any CPU = Release|Any CPU
	EndGlobalSection
	GlobalSection(ProjectConfigurationPlatforms) = postSolution
		{F39C2851-DD04-45B9-9AAD-DE0666F4690A}.Debug|Any CPU.ActiveCfg = Debug|Any CPU
		{F39C2851-DD04-45B9-9AAD-DE0666F4690A}.Debug|Any CPU.Build.0 = Debug|Any CPU
		{F39C2851-DD04-45B9-9AAD-DE0666F4690A}.Release|Any CPU.ActiveCfg = Release|Any CPU
		{F39C2851-DD04-45B9-9AAD-DE0666F4690A}.Release|Any CPU.Build.0 = Release|Any CPU
		{78EA51B1-B6B8-4589-BBAF-D100D33E93BA}.Debug|Any CPU.ActiveCfg = Debug|Any CPU
		{78EA51B1-B6B8-4589-BBAF-D100D33E93BA}.Debug|Any CPU.Build.0 = Debug|Any CPU
		{78EA51B1-B6B8-4589-BBAF-D100D33E93BA}.Release|Any CPU.ActiveCfg = Release|Any CPU
		{78EA51B1-B6B8-4589-BBAF-D100D33E93BA}.Release|Any CPU.Build.0 = Release|Any CPU
		{B0CBA1F4-C4FD-4317-AFA2-1829E45B32A8}.Debug|Any CPU.ActiveCfg = Debug|Any CPU
		{B0CBA1F4-C4FD-4317-AFA2-1829E45B32A8}.Debug|Any CPU.Build.0 = Debug|Any CPU
		{B0CBA1F4-C4FD-4317-AFA2-1829E45B32A8}.Release|Any CPU.ActiveCfg = Release|Any CPU
		{B0CBA1F4-C4FD-4317-AFA2-1829E45B32A8}.Release|Any CPU.Build.0 = Release|Any CPU
	EndGlobalSection
	GlobalSection(SolutionProperties) = preSolution
		HideSolutionNode = FALSE
	EndGlobalSection
	GlobalSection(ExtensibilityGlobals) = postSolution
		SolutionGuid = {1BCD7BEA-8B27-47EF-AAA2-2EC4A4BBA5E6}
	EndGlobalSection
EndGlobal
